
Microsoft Visual Studio Solution File, Format Version 9.00
# Visual Studio 2005
Project("{E24C65DC-7377-472B-9ABA-BC803B73C61A}") = "F:\...\PSOG.UI\", "PSOG.UI\", "{971CDF48-D48F-40EC-B6C3-E5761652F3C9}"
	ProjectSection(WebsiteProperties) = preProject
		SccProjectName = ""
		SccAuxPath = ""
		SccLocalPath = ""
		SccProvider = ""
		ProjectReferences = "{88789740-DD2A-4D9B-B5C3-2212791FE8E8}|PSOG.Entity.dll;{40F5510F-7930-49BE-936F-846CDD6A54C9}|PSOG.Bizc.dll;"
		Debug.AspNetCompiler.VirtualPath = "/PSOG.UI"
		Debug.AspNetCompiler.PhysicalPath = "PSOG.UI\"
		Debug.AspNetCompiler.TargetPath = "PrecompiledWeb\PSOG.UI\"
		Debug.AspNetCompiler.Updateable = "true"
		Debug.AspNetCompiler.ForceOverwrite = "true"
		Debug.AspNetCompiler.FixedNames = "false"
		Debug.AspNetCompiler.Debug = "True"
		Release.AspNetCompiler.VirtualPath = "/PSOG.UI"
		Release.AspNetCompiler.PhysicalPath = "PSOG.UI\"
		Release.AspNetCompiler.TargetPath = "PrecompiledWeb\PSOG.UI\"
		Release.AspNetCompiler.Updateable = "true"
		Release.AspNetCompiler.ForceOverwrite = "true"
		Release.AspNetCompiler.FixedNames = "false"
		Release.AspNetCompiler.Debug = "False"
		VWDPort = "10418"
		DefaultWebSiteLanguage = "Visual C#"
	EndProjectSection
EndProject
Project("{FAE04EC0-301F-11D3-BF4B-00C04F79EFBC}") = "PSOG.DAO", "PSOG.DAO\PSOG.DAO.csproj", "{A8F1E8DE-B765-4449-9511-BB5B54BF3A23}"
EndProject
Project("{FAE04EC0-301F-11D3-BF4B-00C04F79EFBC}") = "PSOG.Entity", "PSOG.Entity\PSOG.Entity.csproj", "{88789740-DD2A-4D9B-B5C3-2212791FE8E8}"
EndProject
Project("{FAE04EC0-301F-11D3-BF4B-00C04F79EFBC}") = "PSOG.Bizc", "PSOG.Bizc\PSOG.Bizc.csproj", "{40F5510F-7930-49BE-936F-846CDD6A54C9}"
EndProject
Project("{FAE04EC0-301F-11D3-BF4B-00C04F79EFBC}") = "PSOG.Common", "PSOG.Common\PSOG.Common.csproj", "{EA3EF2F6-5B09-4E2F-8F72-C37DD427C443}"
EndProject
Global
	GlobalSection(SolutionConfigurationPlatforms) = preSolution
		Debug|.NET = Debug|.NET
		Debug|Any CPU = Debug|Any CPU
		Debug|Mixed Platforms = Debug|Mixed Platforms
		Release|.NET = Release|.NET
		Release|Any CPU = Release|Any CPU
		Release|Mixed Platforms = Release|Mixed Platforms
	EndGlobalSection
	GlobalSection(ProjectConfigurationPlatforms) = postSolution
		{971CDF48-D48F-40EC-B6C3-E5761652F3C9}.Debug|.NET.ActiveCfg = Debug|.NET
		{971CDF48-D48F-40EC-B6C3-E5761652F3C9}.Debug|.NET.Build.0 = Debug|.NET
		{971CDF48-D48F-40EC-B6C3-E5761652F3C9}.Debug|Any CPU.ActiveCfg = Debug|.NET
		{971CDF48-D48F-40EC-B6C3-E5761652F3C9}.Debug|Mixed Platforms.ActiveCfg = Debug|.NET
		{971CDF48-D48F-40EC-B6C3-E5761652F3C9}.Debug|Mixed Platforms.Build.0 = Debug|.NET
		{971CDF48-D48F-40EC-B6C3-E5761652F3C9}.Release|.NET.ActiveCfg = Debug|.NET
		{971CDF48-D48F-40EC-B6C3-E5761652F3C9}.Release|.NET.Build.0 = Debug|.NET
		{971CDF48-D48F-40EC-B6C3-E5761652F3C9}.Release|Any CPU.ActiveCfg = Debug|.NET
		{971CDF48-D48F-40EC-B6C3-E5761652F3C9}.Release|Mixed Platforms.ActiveCfg = Debug|.NET
		{971CDF48-D48F-40EC-B6C3-E5761652F3C9}.Release|Mixed Platforms.Build.0 = Debug|.NET
		{A8F1E8DE-B765-4449-9511-BB5B54BF3A23}.Debug|.NET.ActiveCfg = Debug|Any CPU
		{A8F1E8DE-B765-4449-9511-BB5B54BF3A23}.Debug|Any CPU.ActiveCfg = Debug|Any CPU
		{A8F1E8DE-B765-4449-9511-BB5B54BF3A23}.Debug|Any CPU.Build.0 = Debug|Any CPU
		{A8F1E8DE-B765-4449-9511-BB5B54BF3A23}.Debug|Mixed Platforms.ActiveCfg = Debug|Any CPU
		{A8F1E8DE-B765-4449-9511-BB5B54BF3A23}.Debug|Mixed Platforms.Build.0 = Debug|Any CPU
		{A8F1E8DE-B765-4449-9511-BB5B54BF3A23}.Release|.NET.ActiveCfg = Release|Any CPU
		{A8F1E8DE-B765-4449-9511-BB5B54BF3A23}.Release|Any CPU.ActiveCfg = Release|Any CPU
		{A8F1E8DE-B765-4449-9511-BB5B54BF3A23}.Release|Any CPU.Build.0 = Release|Any CPU
		{A8F1E8DE-B765-4449-9511-BB5B54BF3A23}.Release|Mixed Platforms.ActiveCfg = Release|Any CPU
		{A8F1E8DE-B765-4449-9511-BB5B54BF3A23}.Release|Mixed Platforms.Build.0 = Release|Any CPU
		{88789740-DD2A-4D9B-B5C3-2212791FE8E8}.Debug|.NET.ActiveCfg = Debug|Any CPU
		{88789740-DD2A-4D9B-B5C3-2212791FE8E8}.Debug|Any CPU.ActiveCfg = Debug|Any CPU
		{88789740-DD2A-4D9B-B5C3-2212791FE8E8}.Debug|Any CPU.Build.0 = Debug|Any CPU
		{88789740-DD2A-4D9B-B5C3-2212791FE8E8}.Debug|Mixed Platforms.ActiveCfg = Debug|Any CPU
		{88789740-DD2A-4D9B-B5C3-2212791FE8E8}.Debug|Mixed Platforms.Build.0 = Debug|Any CPU
		{88789740-DD2A-4D9B-B5C3-2212791FE8E8}.Release|.NET.ActiveCfg = Release|Any CPU
		{88789740-DD2A-4D9B-B5C3-2212791FE8E8}.Release|Any CPU.ActiveCfg = Release|Any CPU
		{88789740-DD2A-4D9B-B5C3-2212791FE8E8}.Release|Any CPU.Build.0 = Release|Any CPU
		{88789740-DD2A-4D9B-B5C3-2212791FE8E8}.Release|Mixed Platforms.ActiveCfg = Release|Any CPU
		{88789740-DD2A-4D9B-B5C3-2212791FE8E8}.Release|Mixed Platforms.Build.0 = Release|Any CPU
		{40F5510F-7930-49BE-936F-846CDD6A54C9}.Debug|.NET.ActiveCfg = Debug|Any CPU
		{40F5510F-7930-49BE-936F-846CDD6A54C9}.Debug|Any CPU.ActiveCfg = Debug|Any CPU
		{40F5510F-7930-49BE-936F-846CDD6A54C9}.Debug|Any CPU.Build.0 = Debug|Any CPU
		{40F5510F-7930-49BE-936F-846CDD6A54C9}.Debug|Mixed Platforms.ActiveCfg = Debug|Any CPU
		{40F5510F-7930-49BE-936F-846CDD6A54C9}.Debug|Mixed Platforms.Build.0 = Debug|Any CPU
		{40F5510F-7930-49BE-936F-846CDD6A54C9}.Release|.NET.ActiveCfg = Release|Any CPU
		{40F5510F-7930-49BE-936F-846CDD6A54C9}.Release|Any CPU.ActiveCfg = Release|Any CPU
		{40F5510F-7930-49BE-936F-846CDD6A54C9}.Release|Any CPU.Build.0 = Release|Any CPU
		{40F5510F-7930-49BE-936F-846CDD6A54C9}.Release|Mixed Platforms.ActiveCfg = Release|Any CPU
		{40F5510F-7930-49BE-936F-846CDD6A54C9}.Release|Mixed Platforms.Build.0 = Release|Any CPU
		{EA3EF2F6-5B09-4E2F-8F72-C37DD427C443}.Debug|.NET.ActiveCfg = Debug|Any CPU
		{EA3EF2F6-5B09-4E2F-8F72-C37DD427C443}.Debug|Any CPU.ActiveCfg = Debug|Any CPU
		{EA3EF2F6-5B09-4E2F-8F72-C37DD427C443}.Debug|Any CPU.Build.0 = Debug|Any CPU
		{EA3EF2F6-5B09-4E2F-8F72-C37DD427C443}.Debug|Mixed Platforms.ActiveCfg = Debug|Any CPU
		{EA3EF2F6-5B09-4E2F-8F72-C37DD427C443}.Debug|Mixed Platforms.Build.0 = Debug|Any CPU
		{EA3EF2F6-5B09-4E2F-8F72-C37DD427C443}.Release|.NET.ActiveCfg = Release|Any CPU
		{EA3EF2F6-5B09-4E2F-8F72-C37DD427C443}.Release|Any CPU.ActiveCfg = Release|Any CPU
		{EA3EF2F6-5B09-4E2F-8F72-C37DD427C443}.Release|Any CPU.Build.0 = Release|Any CPU
		{EA3EF2F6-5B09-4E2F-8F72-C37DD427C443}.Release|Mixed Platforms.ActiveCfg = Release|Any CPU
		{EA3EF2F6-5B09-4E2F-8F72-C37DD427C443}.Release|Mixed Platforms.Build.0 = Release|Any CPU
	EndGlobalSection
	GlobalSection(SolutionProperties) = preSolution
		HideSolutionNode = FALSE
	EndGlobalSection
EndGlobal
